
Microsoft Visual Studio Solution File, Format Version 12.00
# Visual Studio Version 16
VisualStudioVersion = 16.0.29001.49
MinimumVisualStudioVersion = 10.0.40219.1
Project("{FAE04EC0-301F-11D3-BF4B-00C04F79EFBC}") = "MyConsoleApp", "MyConsoleApp\MyConsoleApp.csproj", "{F1575147-1DD8-4A06-AAB9-53A134811B6B}"
EndProject
Project("{FAE04EC0-301F-11D3-BF4B-00C04F79EFBC}") = "MyConsoleApp.Tests", "MyConsoleApp.Tests\MyConsoleApp.Tests.csproj", "{86CEF841-A399-41A8-A256-7F8A38DC2B76}"
EndProject
Global
	GlobalSection(SolutionConfigurationPlatforms) = preSolution
		Debug|Any CPU = Debug|Any CPU
		Release|Any CPU = Release|Any CPU
	EndGlobalSection
	GlobalSection(ProjectConfigurationPlatforms) = postSolution
		{F1575147-1DD8-4A06-AAB9-53A134811B6B}.Debug|Any CPU.ActiveCfg = Debug|Any CPU
		{F1575147-1DD8-4A06-AAB9-53A134811B6B}.Debug|Any CPU.Build.0 = Debug|Any CPU
		{F1575147-1DD8-4A06-AAB9-53A134811B6B}.Release|Any CPU.ActiveCfg = Release|Any CPU
		{F1575147-1DD8-4A06-AAB9-53A134811B6B}.Release|Any CPU.Build.0 = Release|Any CPU
		{86CEF841-A399-41A8-A256-7F8A38DC2B76}.Debug|Any CPU.ActiveCfg = Debug|Any CPU
		{86CEF841-A399-41A8-A256-7F8A38DC2B76}.Debug|Any CPU.Build.0 = Debug|Any CPU
		{86CEF841-A399-41A8-A256-7F8A38DC2B76}.Release|Any CPU.ActiveCfg = Release|Any CPU
		{86CEF841-A399-41A8-A256-7F8A38DC2B76}.Release|Any CPU.Build.0 = Release|Any CPU
	EndGlobalSection
	GlobalSection(SolutionProperties) = preSolution
		HideSolutionNode = FALSE
	EndGlobalSection
	GlobalSection(ExtensibilityGlobals) = postSolution
		SolutionGuid = {3401DF89-822E-4F3D-A1AA-3700F6ACD3AA}
	EndGlobalSection
EndGlobal
